
Microsoft Visual Studio Solution File, Format Version 12.00
# Visual Studio 2012
Project("{FAE04EC0-301F-11D3-BF4B-00C04F79EFBC}") = "CsharpTestTask", "CsharpTestTask\CsharpTestTask.csproj", "{E2B69231-4407-4390-86FB-99BAAA182B98}"
EndProject
Global
	GlobalSection(SolutionConfigurationPlatforms) = preSolution
		Debug|Any CPU = Debug|Any CPU
		Release|Any CPU = Release|Any CPU
	EndGlobalSection
	GlobalSection(ProjectConfigurationPlatforms) = postSolution
		{E2B69231-4407-4390-86FB-99BAAA182B98}.Debug|Any CPU.ActiveCfg = Debug|Any CPU
		{E2B69231-4407-4390-86FB-99BAAA182B98}.Debug|Any CPU.Build.0 = Debug|Any CPU
		{E2B69231-4407-4390-86FB-99BAAA182B98}.Release|Any CPU.ActiveCfg = Release|Any CPU
		{E2B69231-4407-4390-86FB-99BAAA182B98}.Release|Any CPU.Build.0 = Release|Any CPU
	EndGlobalSection
	GlobalSection(SolutionProperties) = preSolution
		HideSolutionNode = FALSE
	EndGlobalSection
EndGlobal
